{
  "lockfile-version": 1,
  "manifest": {
    "schema-version": "1.12.0",
    "install": {
      "bun": {
        "pkg-path": "bun"
      },
      "cocoapods": {
        "pkg-path": "cocoapods",
        "systems": [
          "aarch64-darwin",
          "x86_64-darwin"
        ]
      },
      "ffmpeg": {
        "pkg-path": "ffmpeg"
      },
      "nodejs": {
        "pkg-path": "nodejs"
      }
    },
    "vars": {
      "ANDROID_HOME": "$HOME/Library/Android/sdk",
      "JAVA_HOME": "/Applications/Android Studio.app/Contents/jbr/Contents/Home"
    },
    "hook": {},
    "profile": {},
    "options": {}
  },
  "packages": [
    {
      "attr_path": "bun",
      "broken": false,
      "derivation": "/nix/store/j1bb0sq4v6ayl9qsa3ba7c9c0lzd80gr-bun-1.3.13.drv",
      "description": "Incredibly fast JavaScript runtime, bundler, transpiler and package manager – all in one",
      "install_id": "bun",
      "license": "[ MIT, LGPL-2.1-only ]",
      "locked_url": "https://github.com/flox/nixpkgs?rev=da5ad661ba4e5ef59ba743f0d112cbc30e474f32",
      "name": "bun-1.3.13",
      "pname": "bun",
      "rev": "da5ad661ba4e5ef59ba743f0d112cbc30e474f32",
      "rev_count": 995699,
      "rev_date": "2026-05-10T19:57:52Z",
      "scrape_date": "2026-05-13T08:52:39.934595Z",
      "stabilities": [
        "unstable"
      ],
      "unfree": false,
      "version": "1.3.13",
      "outputs_to_install": [
        "out"
      ],
      "outputs": {
        "out": "/nix/store/i4rqz2p2bayrl6pv9l36y4fzhqx7k1zv-bun-1.3.13"
      },
      "system": "aarch64-darwin",
      "group": "toplevel",
      "priority": 5
    },
    {
      "attr_path": "bun",
      "broken": false,
      "derivation": "/nix/store/gkg0piqp2ixdd4m4c8867br5a427qbq5-bun-1.3.13.drv",
      "description": "Incredibly fast JavaScript runtime, bundler, transpiler and package manager – all in one",
      "install_id": "bun",
      "license": "[ MIT, LGPL-2.1-only ]",
      "locked_url": "https://github.com/flox/nixpkgs?rev=da5ad661ba4e5ef59ba743f0d112cbc30e474f32",
      "name": "bun-1.3.13",
      "pname": "bun",
      "rev": "da5ad661ba4e5ef59ba743f0d112cbc30e474f32",
      "rev_count": 995699,
      "rev_date": "2026-05-10T19:57:52Z",
      "scrape_date": "2026-05-13T09:22:13.525830Z",
      "stabilities": [
        "unstable"
      ],
      "unfree": false,
      "version": "1.3.13",
      "outputs_to_install": [
        "out"
      ],
      "outputs": {
        "out": "/nix/store/1q2xsp98qhjy6rsz3nga795c3mgsjhia-bun-1.3.13"
      },
      "system": "aarch64-linux",
      "group": "toplevel",
      "priority": 5
    },
    {
      "attr_path": "bun",
      "broken": false,
      "derivation": "/nix/store/9gf5awmx65pypdap8qklv9vrq3w4kifj-bun-1.3.13.drv",
      "description": "Incredibly fast JavaScript runtime, bundler, transpiler and package manager – all in one",
      "install_id": "bun",
      "license": "[ MIT, LGPL-2.1-only ]",
      "locked_url": "https://github.com/flox/nixpkgs?rev=da5ad661ba4e5ef59ba743f0d112cbc30e474f32",
      "name": "bun-1.3.13",
      "pname": "bun",
      "rev": "da5ad661ba4e5ef59ba743f0d112cbc30e474f32",
      "rev_count": 995699,
      "rev_date": "2026-05-10T19:57:52Z",
      "scrape_date": "2026-05-13T09:55:21.673874Z",
      "stabilities": [
        "unstable"
      ],
      "unfree": false,
      "version": "1.3.13",
      "outputs_to_install": [
        "out"
      ],
      "outputs": {
        "out": "/nix/store/31jsiwr1nq8pi4jvyjpq0zi28a4fyay0-bun-1.3.13"
      },
      "system": "x86_64-darwin",
      "group": "toplevel",
      "priority": 5
    },
    {
      "attr_path": "bun",
      "broken": false,
      "derivation": "/nix/store/6562698mpnycyajfbgbis82qa9i55r7n-bun-1.3.13.drv",
      "description": "Incredibly fast JavaScript runtime, bundler, transpiler and package manager – all in one",
      "install_id": "bun",
      "license": "[ MIT, LGPL-2.1-only ]",
      "locked_url": "https://github.com/flox/nixpkgs?rev=da5ad661ba4e5ef59ba743f0d112cbc30e474f32",
      "name": "bun-1.3.13",
      "pname": "bun",
      "rev": "da5ad661ba4e5ef59ba743f0d112cbc30e474f32",
      "rev_count": 995699,
      "rev_date": "2026-05-10T19:57:52Z",
      "scrape_date": "2026-05-13T10:36:01.871497Z",
      "stabilities": [
        "unstable"
      ],
      "unfree": false,
      "version": "1.3.13",
      "outputs_to_install": [
        "out"
      ],
      "outputs": {
        "out": "/nix/store/g0zlmqvkvn41xqva3460jfzpazivywvi-bun-1.3.13"
      },
      "system": "x86_64-linux",
      "group": "toplevel",
      "priority": 5
    },
    {
      "attr_path": "cocoapods",
      "broken": false,
      "derivation": "/nix/store/ahknnm8j1w5jz12m1rm0xghk175mnfzy-cocoapods-1.16.2.drv",
      "description": "Manages dependencies for your Xcode projects",
      "install_id": "cocoapods",
      "license": "MIT",
      "locked_url": "https://github.com/flox/nixpkgs?rev=da5ad661ba4e5ef59ba743f0d112cbc30e474f32",
      "name": "cocoapods-1.16.2",
      "pname": "cocoapods",
      "rev": "da5ad661ba4e5ef59ba743f0d112cbc30e474f32",
      "rev_count": 995699,
      "rev_date": "2026-05-10T19:57:52Z",
      "scrape_date": "2026-05-13T08:52:40.238034Z",
      "stabilities": [
        "unstable"
      ],
      "unfree": false,
      "version": "1.16.2",
      "outputs_to_install": [
        "out"
      ],
      "outputs": {
        "out": "/nix/store/sgbrbfkwi2zgnyk3sbnwasmfflqhivvv-cocoapods-1.16.2"
      },
      "system": "aarch64-darwin",
      "group": "toplevel",
      "priority": 5
    },
    {
      "attr_path": "cocoapods",
      "broken": false,
      "derivation": "/nix/store/an36801rifras8791zi6qrap0bn3kfhf-cocoapods-1.16.2.drv",
      "description": "Manages dependencies for your Xcode projects",
      "install_id": "cocoapods",
      "license": "MIT",
      "locked_url": "https://github.com/flox/nixpkgs?rev=da5ad661ba4e5ef59ba743f0d112cbc30e474f32",
      "name": "cocoapods-1.16.2",
      "pname": "cocoapods",
      "rev": "da5ad661ba4e5ef59ba743f0d112cbc30e474f32",
      "rev_count": 995699,
      "rev_date": "2026-05-10T19:57:52Z",
      "scrape_date": "2026-05-13T09:55:21.905994Z",
      "stabilities": [
        "unstable"
      ],
      "unfree": false,
      "version": "1.16.2",
      "outputs_to_install": [
        "out"
      ],
      "outputs": {
        "out": "/nix/store/fgslxgfiillqi59zfhzbljl2dfz2pkl2-cocoapods-1.16.2"
      },
      "system": "x86_64-darwin",
      "group": "toplevel",
      "priority": 5
    },
    {
      "attr_path": "ffmpeg",
      "broken": false,
      "derivation": "/nix/store/82kss9qfl1syy42f31fdhiys83nj5v2l-ffmpeg-8.0.1.drv",
      "description": "Complete, cross-platform solution to record, convert and stream audio and video",
      "install_id": "ffmpeg",
      "license": "[ LGPL-2.1-or-later, GPL-2.0-or-later, LGPL-3.0-or-later, GPL-3.0-or-later ]",
      "locked_url": "https://github.com/flox/nixpkgs?rev=da5ad661ba4e5ef59ba743f0d112cbc30e474f32",
      "name": "ffmpeg-8.0.1",
      "pname": "ffmpeg",
      "rev": "da5ad661ba4e5ef59ba743f0d112cbc30e474f32",
      "rev_count": 995699,
      "rev_date": "2026-05-10T19:57:52Z",
      "scrape_date": "2026-05-13T08:52:40.833942Z",
      "stabilities": [
        "unstable"
      ],
      "unfree": false,
      "version": "8.0.1",
      "outputs_to_install": [
        "bin",
        "man"
      ],
      "outputs": {
        "bin": "/nix/store/h6fbp9mf3asvqqrpfa76259nyxsk3wi4-ffmpeg-8.0.1-bin",
        "data": "/nix/store/59jc9i19x0pggr30r80caxv9hlfwfmmm-ffmpeg-8.0.1-data",
        "dev": "/nix/store/5rw0vz79g0k10innml94a6cahk0zdq0c-ffmpeg-8.0.1-dev",
        "doc": "/nix/store/08j6rfcgjxb4n6yw7cc2viggdm5hrb23-ffmpeg-8.0.1-doc",
        "lib": "/nix/store/xwrdkxphjw7dcvijz7hmjshgdh00pb8y-ffmpeg-8.0.1-lib",
        "man": "/nix/store/hgc8k86j30cxdmpad937kw6p1fnfh418-ffmpeg-8.0.1-man",
        "out": "/nix/store/7x8affiw23mjygfdxp1h00rg5j9k1cpk-ffmpeg-8.0.1"
      },
      "system": "aarch64-darwin",
      "group": "toplevel",
      "priority": 5
    },
    {
      "attr_path": "ffmpeg",
      "broken": false,
      "derivation": "/nix/store/p9xc3xc2lncfl55z45cjiqqr4dgm14h7-ffmpeg-8.0.1.drv",
      "description": "Complete, cross-platform solution to record, convert and stream audio and video",
      "install_id": "ffmpeg",
      "license": "[ LGPL-2.1-or-later, GPL-2.0-or-later, LGPL-3.0-or-later, GPL-3.0-or-later ]",
      "locked_url": "https://github.com/flox/nixpkgs?rev=da5ad661ba4e5ef59ba743f0d112cbc30e474f32",
      "name": "ffmpeg-8.0.1",
      "pname": "ffmpeg",
      "rev": "da5ad661ba4e5ef59ba743f0d112cbc30e474f32",
      "rev_count": 995699,
      "rev_date": "2026-05-10T19:57:52Z",
      "scrape_date": "2026-05-13T09:22:14.663194Z",
      "stabilities": [
        "unstable"
      ],
      "unfree": false,
      "version": "8.0.1",
      "outputs_to_install": [
        "bin",
        "man"
      ],
      "outputs": {
        "bin": "/nix/store/gg5fq58jr9scw9f0k0n29gwz82xjqwcn-ffmpeg-8.0.1-bin",
        "data": "/nix/store/sf329hswmdr00kgbmxlq0jwisnfp9kj4-ffmpeg-8.0.1-data",
        "dev": "/nix/store/vfw6xffwgs4lg607hskbl53krwmqy0mn-ffmpeg-8.0.1-dev",
        "doc": "/nix/store/lm0h9yll1fgaic68m2aqicqpd17vxk6w-ffmpeg-8.0.1-doc",
        "lib": "/nix/store/dr8zxnra7jpnz92d41282s4i51rqsqgf-ffmpeg-8.0.1-lib",
        "man": "/nix/store/xz033zsph4csl2c0ks6x06rzyk9qzlry-ffmpeg-8.0.1-man",
        "out": "/nix/store/hmy40l2dy0hx3vfljb44srl5lfykg2l6-ffmpeg-8.0.1"
      },
      "system": "aarch64-linux",
      "group": "toplevel",
      "priority": 5
    },
    {
      "attr_path": "ffmpeg",
      "broken": false,
      "derivation": "/nix/store/sajb5j3k5g3bszkxnw69pd85fskh7fja-ffmpeg-8.0.1.drv",
      "description": "Complete, cross-platform solution to record, convert and stream audio and video",
      "install_id": "ffmpeg",
      "license": "[ LGPL-2.1-or-later, GPL-2.0-or-later, LGPL-3.0-or-later, GPL-3.0-or-later ]",
      "locked_url": "https://github.com/flox/nixpkgs?rev=da5ad661ba4e5ef59ba743f0d112cbc30e474f32",
      "name": "ffmpeg-8.0.1",
      "pname": "ffmpeg",
      "rev": "da5ad661ba4e5ef59ba743f0d112cbc30e474f32",
      "rev_count": 995699,
      "rev_date": "2026-05-10T19:57:52Z",
      "scrape_date": "2026-05-13T09:55:22.449911Z",
      "stabilities": [
        "unstable"
      ],
      "unfree": false,
      "version": "8.0.1",
      "outputs_to_install": [
        "bin",
        "man"
      ],
      "outputs": {
        "bin": "/nix/store/jzf5nkzr21p13gbim6xhm17fs2cibhd6-ffmpeg-8.0.1-bin",
        "data": "/nix/store/ji5fnjviz7d0w281015z6w4wlp7hn3qj-ffmpeg-8.0.1-data",
        "dev": "/nix/store/4ldbi1idfy5w4x9vqydjs7xr8d5imy39-ffmpeg-8.0.1-dev",
        "doc": "/nix/store/97q6hqzlyc2gfr02amnjh9gx5jxp2f83-ffmpeg-8.0.1-doc",
        "lib": "/nix/store/670zzi96flss4x3f8d4hpik9ydz61kiz-ffmpeg-8.0.1-lib",
        "man": "/nix/store/6lrs6d13m2ab8xw7rkpqqisqp6vqnnaj-ffmpeg-8.0.1-man",
        "out": "/nix/store/bpfx18fi8blpfg1r60vci24j9zis4fhy-ffmpeg-8.0.1"
      },
      "system": "x86_64-darwin",
      "group": "toplevel",
      "priority": 5
    },
    {
      "attr_path": "ffmpeg",
      "broken": false,
      "derivation": "/nix/store/3s5zzmnsqj8yhvmgaiihvjcycxwg4bms-ffmpeg-8.0.1.drv",
      "description": "Complete, cross-platform solution to record, convert and stream audio and video",
      "install_id": "ffmpeg",
      "license": "[ LGPL-2.1-or-later, GPL-2.0-or-later, LGPL-3.0-or-later, GPL-3.0-or-later ]",
      "locked_url": "https://github.com/flox/nixpkgs?rev=da5ad661ba4e5ef59ba743f0d112cbc30e474f32",
      "name": "ffmpeg-8.0.1",
      "pname": "ffmpeg",
      "rev": "da5ad661ba4e5ef59ba743f0d112cbc30e474f32",
      "rev_count": 995699,
      "rev_date": "2026-05-10T19:57:52Z",
      "scrape_date": "2026-05-13T10:36:03.173456Z",
      "stabilities": [
        "unstable"
      ],
      "unfree": false,
      "version": "8.0.1",
      "outputs_to_install": [
        "bin",
        "man"
      ],
      "outputs": {
        "bin": "/nix/store/nih4c7knfj2mgjz6jp5l0fqn86xdwmhc-ffmpeg-8.0.1-bin",
        "data": "/nix/store/5q7nx3scq02s4wnjg028i9iv77ihqjz5-ffmpeg-8.0.1-data",
        "dev": "/nix/store/28zawmnigadf607pbhmd3l775gafaf98-ffmpeg-8.0.1-dev",
        "doc": "/nix/store/9ld21n4la75hpd4jijxdrl2cjmv5fjcm-ffmpeg-8.0.1-doc",
        "lib": "/nix/store/c3q3hnqsp4b0l7fjx4q6ns4idw9pn6kv-ffmpeg-8.0.1-lib",
        "man": "/nix/store/x5pnf13md9xa4841ckdp9p0n192rlbwn-ffmpeg-8.0.1-man",
        "out": "/nix/store/26mpi27i6pj69dpk33fq61yhh46qi2id-ffmpeg-8.0.1"
      },
      "system": "x86_64-linux",
      "group": "toplevel",
      "priority": 5
    },
    {
      "attr_path": "nodejs",
      "broken": false,
      "derivation": "/nix/store/1m7745r13n7wk43fzx5yr3jjr3vdc1db-nodejs-24.14.1.drv",
      "description": "Event-driven I/O framework for the V8 JavaScript engine",
      "install_id": "nodejs",
      "license": "MIT",
      "locked_url": "https://github.com/flox/nixpkgs?rev=da5ad661ba4e5ef59ba743f0d112cbc30e474f32",
      "name": "nodejs-24.14.1",
      "pname": "nodejs",
      "rev": "da5ad661ba4e5ef59ba743f0d112cbc30e474f32",
      "rev_count": 995699,
      "rev_date": "2026-05-10T19:57:52Z",
      "scrape_date": "2026-05-13T08:53:04.957162Z",
      "stabilities": [
        "unstable"
      ],
      "unfree": false,
      "version": "24.14.1",
      "outputs_to_install": [
        "out",
        "out"
      ],
      "outputs": {
        "out": "/nix/store/sf85v1qd1glkmsyfxwn9p8wridb4qf6y-nodejs-24.14.1"
      },
      "system": "aarch64-darwin",
      "group": "toplevel",
      "priority": 5
    },
    {
      "attr_path": "nodejs",
      "broken": false,
      "derivation": "/nix/store/3h5ymdg61db3f9xwhwclj05afipbxiq2-nodejs-24.14.1.drv",
      "description": "Event-driven I/O framework for the V8 JavaScript engine",
      "install_id": "nodejs",
      "license": "MIT",
      "locked_url": "https://github.com/flox/nixpkgs?rev=da5ad661ba4e5ef59ba743f0d112cbc30e474f32",
      "name": "nodejs-24.14.1",
      "pname": "nodejs",
      "rev": "da5ad661ba4e5ef59ba743f0d112cbc30e474f32",
      "rev_count": 995699,
      "rev_date": "2026-05-10T19:57:52Z",
      "scrape_date": "2026-05-13T09:22:53.228646Z",
      "stabilities": [
        "unstable"
      ],
      "unfree": false,
      "version": "24.14.1",
      "outputs_to_install": [
        "out",
        "out"
      ],
      "outputs": {
        "out": "/nix/store/amh21igq2gjg6ai42f3ksan8fh89qvpm-nodejs-24.14.1"
      },
      "system": "aarch64-linux",
      "group": "toplevel",
      "priority": 5
    },
    {
      "attr_path": "nodejs",
      "broken": false,
      "derivation": "/nix/store/aarkp2y0aj12skgji58mbf5va0dcf9bd-nodejs-24.14.1.drv",
      "description": "Event-driven I/O framework for the V8 JavaScript engine",
      "install_id": "nodejs",
      "license": "MIT",
      "locked_url": "https://github.com/flox/nixpkgs?rev=da5ad661ba4e5ef59ba743f0d112cbc30e474f32",
      "name": "nodejs-24.14.1",
      "pname": "nodejs",
      "rev": "da5ad661ba4e5ef59ba743f0d112cbc30e474f32",
      "rev_count": 995699,
      "rev_date": "2026-05-10T19:57:52Z",
      "scrape_date": "2026-05-13T09:55:47.018047Z",
      "stabilities": [
        "unstable"
      ],
      "unfree": false,
      "version": "24.14.1",
      "outputs_to_install": [
        "out",
        "out"
      ],
      "outputs": {
        "out": "/nix/store/w9axwcpzxv1cd78d6v748az2j08k6vfw-nodejs-24.14.1"
      },
      "system": "x86_64-darwin",
      "group": "toplevel",
      "priority": 5
    },
    {
      "attr_path": "nodejs",
      "broken": false,
      "derivation": "/nix/store/8l6p07vmrcj7lsry0jz2ayp1rmpyjdai-nodejs-24.14.1.drv",
      "description": "Event-driven I/O framework for the V8 JavaScript engine",
      "install_id": "nodejs",
      "license": "MIT",
      "locked_url": "https://github.com/flox/nixpkgs?rev=da5ad661ba4e5ef59ba743f0d112cbc30e474f32",
      "name": "nodejs-24.14.1",
      "pname": "nodejs",
      "rev": "da5ad661ba4e5ef59ba743f0d112cbc30e474f32",
      "rev_count": 995699,
      "rev_date": "2026-05-10T19:57:52Z",
      "scrape_date": "2026-05-13T10:36:42.203422Z",
      "stabilities": [
        "unstable"
      ],
      "unfree": false,
      "version": "24.14.1",
      "outputs_to_install": [
        "out",
        "out"
      ],
      "outputs": {
        "out": "/nix/store/785jidgnryzj566s25s3rb262d4g5znb-nodejs-24.14.1"
      },
      "system": "x86_64-linux",
      "group": "toplevel",
      "priority": 5
    }
  ]
}
