{
  "lockfile-version": 1,
  "manifest": {
    "schema-version": "1.12.0",
    "install": {
      "bun": {
        "pkg-path": "bun"
      },
      "cocoapods": {
        "pkg-path": "cocoapods",
        "systems": [
          "aarch64-darwin",
          "x86_64-darwin"
        ]
      },
      "ffmpeg": {
        "pkg-path": "ffmpeg"
      },
      "imagemagick": {
        "pkg-path": "imagemagick"
      },
      "ktfmt": {
        "pkg-path": "ktfmt"
      },
      "lefthook": {
        "pkg-path": "lefthook"
      },
      "nodejs": {
        "pkg-path": "nodejs"
      },
      "swift-format": {
        "pkg-path": "swift-format"
      }
    },
    "vars": {
      "ANDROID_HOME": "$HOME/Library/Android/sdk",
      "JAVA_HOME": "/Applications/Android Studio.app/Contents/jbr/Contents/Home"
    },
    "hook": {
      "on-activate": "  # Keep git hooks wired up (idempotent) so commits run the formatters.\n  lefthook install\n"
    },
    "profile": {},
    "options": {
      "systems": [
        "aarch64-darwin",
        "aarch64-linux",
        "x86_64-darwin",
        "x86_64-linux"
      ]
    }
  },
  "packages": [
    {
      "attr_path": "bun",
      "broken": false,
      "derivation": "/nix/store/jw6h2fipps5s6lszymvh54mx7i6b7a2l-bun-1.3.13.drv",
      "description": "Incredibly fast JavaScript runtime, bundler, transpiler and package manager – all in one",
      "install_id": "bun",
      "license": "[ MIT, LGPL-2.1-only ]",
      "locked_url": "https://github.com/flox/nixpkgs?rev=567a49d1913ce81ac6e9582e3553dd90a955875f",
      "name": "bun-1.3.13",
      "pname": "bun",
      "rev": "567a49d1913ce81ac6e9582e3553dd90a955875f",
      "rev_count": 1017464,
      "rev_date": "2026-06-16T02:33:49Z",
      "scrape_date": "2026-06-17T03:13:13.715410Z",
      "stabilities": [
        "staging",
        "unstable",
        "stable"
      ],
      "unfree": false,
      "version": "1.3.13",
      "outputs_to_install": [
        "out",
        "out",
        "out"
      ],
      "outputs": {
        "out": "/nix/store/jgl1hjr0cf6s32jcnqmkp44av4flamap-bun-1.3.13"
      },
      "system": "aarch64-darwin",
      "group": "toplevel",
      "priority": 5
    },
    {
      "attr_path": "bun",
      "broken": false,
      "derivation": "/nix/store/05kg2c8div5xcsnkj8pa9ppaq1g1c3yb-bun-1.3.13.drv",
      "description": "Incredibly fast JavaScript runtime, bundler, transpiler and package manager – all in one",
      "install_id": "bun",
      "license": "[ MIT, LGPL-2.1-only ]",
      "locked_url": "https://github.com/flox/nixpkgs?rev=567a49d1913ce81ac6e9582e3553dd90a955875f",
      "name": "bun-1.3.13",
      "pname": "bun",
      "rev": "567a49d1913ce81ac6e9582e3553dd90a955875f",
      "rev_count": 1017464,
      "rev_date": "2026-06-16T02:33:49Z",
      "scrape_date": "2026-06-17T03:44:08.062537Z",
      "stabilities": [
        "staging",
        "unstable",
        "stable"
      ],
      "unfree": false,
      "version": "1.3.13",
      "outputs_to_install": [
        "out",
        "out"
      ],
      "outputs": {
        "out": "/nix/store/ywc7zrq5vr32ashfgc7dp84a2f3rzic6-bun-1.3.13"
      },
      "system": "aarch64-linux",
      "group": "toplevel",
      "priority": 5
    },
    {
      "attr_path": "bun",
      "broken": false,
      "derivation": "/nix/store/5z4543rqly7khnfq2vq1kngv9hbqhl2z-bun-1.3.13.drv",
      "description": "Incredibly fast JavaScript runtime, bundler, transpiler and package manager – all in one",
      "install_id": "bun",
      "license": "[ MIT, LGPL-2.1-only ]",
      "locked_url": "https://github.com/flox/nixpkgs?rev=567a49d1913ce81ac6e9582e3553dd90a955875f",
      "name": "bun-1.3.13",
      "pname": "bun",
      "rev": "567a49d1913ce81ac6e9582e3553dd90a955875f",
      "rev_count": 1017464,
      "rev_date": "2026-06-16T02:33:49Z",
      "scrape_date": "2026-06-17T04:13:05.974170Z",
      "stabilities": [
        "staging",
        "unstable",
        "stable"
      ],
      "unfree": false,
      "version": "1.3.13",
      "outputs_to_install": [
        "out",
        "out"
      ],
      "outputs": {
        "out": "/nix/store/1nphhxm1h3pya9j86kql2gpsvy6nizr4-bun-1.3.13"
      },
      "system": "x86_64-darwin",
      "group": "toplevel",
      "priority": 5
    },
    {
      "attr_path": "bun",
      "broken": false,
      "derivation": "/nix/store/pymjz37lyh092z3r60q6h826rxqljfzz-bun-1.3.13.drv",
      "description": "Incredibly fast JavaScript runtime, bundler, transpiler and package manager – all in one",
      "install_id": "bun",
      "license": "[ MIT, LGPL-2.1-only ]",
      "locked_url": "https://github.com/flox/nixpkgs?rev=567a49d1913ce81ac6e9582e3553dd90a955875f",
      "name": "bun-1.3.13",
      "pname": "bun",
      "rev": "567a49d1913ce81ac6e9582e3553dd90a955875f",
      "rev_count": 1017464,
      "rev_date": "2026-06-16T02:33:49Z",
      "scrape_date": "2026-06-17T04:47:04.080549Z",
      "stabilities": [
        "staging",
        "unstable",
        "stable"
      ],
      "unfree": false,
      "version": "1.3.13",
      "outputs_to_install": [
        "out",
        "out"
      ],
      "outputs": {
        "out": "/nix/store/z1cxjx705fswwjjns0sw2ysbd5jqxfgm-bun-1.3.13"
      },
      "system": "x86_64-linux",
      "group": "toplevel",
      "priority": 5
    },
    {
      "attr_path": "cocoapods",
      "broken": false,
      "derivation": "/nix/store/pj8gw0ra614vk9182h548p2lvbicdd8y-cocoapods-1.16.2.drv",
      "description": "Manages dependencies for your Xcode projects",
      "install_id": "cocoapods",
      "license": "MIT",
      "locked_url": "https://github.com/flox/nixpkgs?rev=567a49d1913ce81ac6e9582e3553dd90a955875f",
      "name": "cocoapods-1.16.2",
      "pname": "cocoapods",
      "rev": "567a49d1913ce81ac6e9582e3553dd90a955875f",
      "rev_count": 1017464,
      "rev_date": "2026-06-16T02:33:49Z",
      "scrape_date": "2026-06-17T03:13:13.960290Z",
      "stabilities": [
        "staging",
        "unstable",
        "stable"
      ],
      "unfree": false,
      "version": "1.16.2",
      "outputs_to_install": [
        "out"
      ],
      "outputs": {
        "out": "/nix/store/9hr5wfk4ry3l900blhd4a4n82dgsh5lg-cocoapods-1.16.2"
      },
      "system": "aarch64-darwin",
      "group": "toplevel",
      "priority": 5
    },
    {
      "attr_path": "cocoapods",
      "broken": false,
      "derivation": "/nix/store/yqpa8fplzfh1grsmqx2fr1444l8svgq9-cocoapods-1.16.2.drv",
      "description": "Manages dependencies for your Xcode projects",
      "install_id": "cocoapods",
      "license": "MIT",
      "locked_url": "https://github.com/flox/nixpkgs?rev=567a49d1913ce81ac6e9582e3553dd90a955875f",
      "name": "cocoapods-1.16.2",
      "pname": "cocoapods",
      "rev": "567a49d1913ce81ac6e9582e3553dd90a955875f",
      "rev_count": 1017464,
      "rev_date": "2026-06-16T02:33:49Z",
      "scrape_date": "2026-06-17T04:13:06.219998Z",
      "stabilities": [
        "staging",
        "unstable",
        "stable"
      ],
      "unfree": false,
      "version": "1.16.2",
      "outputs_to_install": [
        "out"
      ],
      "outputs": {
        "out": "/nix/store/3jpm8hbhsa01w9zqcsmnw7x0q8pr8jdb-cocoapods-1.16.2"
      },
      "system": "x86_64-darwin",
      "group": "toplevel",
      "priority": 5
    },
    {
      "attr_path": "ffmpeg",
      "broken": false,
      "derivation": "/nix/store/nbmzy84iai0rsjkzlnrcn0147i26pp1s-ffmpeg-8.1.drv",
      "description": "Complete, cross-platform solution to record, convert and stream audio and video",
      "install_id": "ffmpeg",
      "license": "[ LGPL-2.1-or-later, GPL-2.0-or-later, LGPL-3.0-or-later, GPL-3.0-or-later ]",
      "locked_url": "https://github.com/flox/nixpkgs?rev=567a49d1913ce81ac6e9582e3553dd90a955875f",
      "name": "ffmpeg-8.1",
      "pname": "ffmpeg",
      "rev": "567a49d1913ce81ac6e9582e3553dd90a955875f",
      "rev_count": 1017464,
      "rev_date": "2026-06-16T02:33:49Z",
      "scrape_date": "2026-06-17T03:13:14.520317Z",
      "stabilities": [
        "staging",
        "unstable",
        "stable"
      ],
      "unfree": false,
      "version": "8.1",
      "outputs_to_install": [
        "bin",
        "bin",
        "man"
      ],
      "outputs": {
        "bin": "/nix/store/ngfvm0mvlcl3qy4c0va1xk7ik7hf5z5d-ffmpeg-8.1-bin",
        "data": "/nix/store/svw1lk5s6hgfvmndi7klg9kp9p65h4wi-ffmpeg-8.1-data",
        "dev": "/nix/store/arhfvajz4160hqrvllcjri0zlshyl43m-ffmpeg-8.1-dev",
        "doc": "/nix/store/f8f02xn2j8qjcii07ig0x3jwcd1qd7r9-ffmpeg-8.1-doc",
        "lib": "/nix/store/rz9xhl5q5v9gh7lhk6z8zgi98h9xzx7n-ffmpeg-8.1-lib",
        "man": "/nix/store/7i34r2xda7qh2y9jsnm8jxgh31d1nk57-ffmpeg-8.1-man",
        "out": "/nix/store/wl1lb6gb6isnglzmwvdn55hi48ac1mcl-ffmpeg-8.1"
      },
      "system": "aarch64-darwin",
      "group": "toplevel",
      "priority": 5
    },
    {
      "attr_path": "ffmpeg",
      "broken": false,
      "derivation": "/nix/store/d67byl13q55pmnqlaj7fz8j442hr3hi9-ffmpeg-8.1.drv",
      "description": "Complete, cross-platform solution to record, convert and stream audio and video",
      "install_id": "ffmpeg",
      "license": "[ LGPL-2.1-or-later, GPL-2.0-or-later, LGPL-3.0-or-later, GPL-3.0-or-later ]",
      "locked_url": "https://github.com/flox/nixpkgs?rev=567a49d1913ce81ac6e9582e3553dd90a955875f",
      "name": "ffmpeg-8.1",
      "pname": "ffmpeg",
      "rev": "567a49d1913ce81ac6e9582e3553dd90a955875f",
      "rev_count": 1017464,
      "rev_date": "2026-06-16T02:33:49Z",
      "scrape_date": "2026-06-17T03:44:09.291917Z",
      "stabilities": [
        "staging",
        "unstable",
        "stable"
      ],
      "unfree": false,
      "version": "8.1",
      "outputs_to_install": [
        "bin",
        "bin",
        "man"
      ],
      "outputs": {
        "bin": "/nix/store/9189pnq5pjzsbqmp9l8rkr9kwbwmg2w6-ffmpeg-8.1-bin",
        "data": "/nix/store/fgjpgi3vfl2ayqfmddfq45wzp5q09q9s-ffmpeg-8.1-data",
        "dev": "/nix/store/amsa6czh5400dxq2giif31vlnbcjp09z-ffmpeg-8.1-dev",
        "doc": "/nix/store/8anck5absahqjvikpxb87yn1inpb4fdv-ffmpeg-8.1-doc",
        "lib": "/nix/store/x57wbkqyx80h7lhdziqh7ikwg8lgraxc-ffmpeg-8.1-lib",
        "man": "/nix/store/mk17rxwak2j48qrs3axccsknhzwl5733-ffmpeg-8.1-man",
        "out": "/nix/store/wdrpm09qjhb155kwch9b19pag9wagpkz-ffmpeg-8.1"
      },
      "system": "aarch64-linux",
      "group": "toplevel",
      "priority": 5
    },
    {
      "attr_path": "ffmpeg",
      "broken": false,
      "derivation": "/nix/store/g0savvq5i50kawp9bgjx71c9f1qyi692-ffmpeg-8.1.drv",
      "description": "Complete, cross-platform solution to record, convert and stream audio and video",
      "install_id": "ffmpeg",
      "license": "[ LGPL-2.1-or-later, GPL-2.0-or-later, LGPL-3.0-or-later, GPL-3.0-or-later ]",
      "locked_url": "https://github.com/flox/nixpkgs?rev=567a49d1913ce81ac6e9582e3553dd90a955875f",
      "name": "ffmpeg-8.1",
      "pname": "ffmpeg",
      "rev": "567a49d1913ce81ac6e9582e3553dd90a955875f",
      "rev_count": 1017464,
      "rev_date": "2026-06-16T02:33:49Z",
      "scrape_date": "2026-06-17T04:13:06.857980Z",
      "stabilities": [
        "staging",
        "unstable",
        "stable"
      ],
      "unfree": false,
      "version": "8.1",
      "outputs_to_install": [
        "bin",
        "bin",
        "man"
      ],
      "outputs": {
        "bin": "/nix/store/qjil0v0y05rcrs2bzyijwyb90d5zfbzw-ffmpeg-8.1-bin",
        "data": "/nix/store/hrvdbg19nsdh94rzvgxcvvkkq6rkph2k-ffmpeg-8.1-data",
        "dev": "/nix/store/8r42iwc8pcz420gjczzgmgy86kn8wc39-ffmpeg-8.1-dev",
        "doc": "/nix/store/mwn24al75gjgm42nck1bckmplv2zdz8h-ffmpeg-8.1-doc",
        "lib": "/nix/store/7vy887l5yhwaisic91xj6rdp7m7vd8jm-ffmpeg-8.1-lib",
        "man": "/nix/store/481y1x104ril85y1fdvpf55yk6r9n732-ffmpeg-8.1-man",
        "out": "/nix/store/his8zz9p0mc0azz3rwjyknydn0d67n6s-ffmpeg-8.1"
      },
      "system": "x86_64-darwin",
      "group": "toplevel",
      "priority": 5
    },
    {
      "attr_path": "ffmpeg",
      "broken": false,
      "derivation": "/nix/store/58is4l87fzs3kyw60azlc9h98f8jwfn7-ffmpeg-8.1.drv",
      "description": "Complete, cross-platform solution to record, convert and stream audio and video",
      "install_id": "ffmpeg",
      "license": "[ LGPL-2.1-or-later, GPL-2.0-or-later, LGPL-3.0-or-later, GPL-3.0-or-later ]",
      "locked_url": "https://github.com/flox/nixpkgs?rev=567a49d1913ce81ac6e9582e3553dd90a955875f",
      "name": "ffmpeg-8.1",
      "pname": "ffmpeg",
      "rev": "567a49d1913ce81ac6e9582e3553dd90a955875f",
      "rev_count": 1017464,
      "rev_date": "2026-06-16T02:33:49Z",
      "scrape_date": "2026-06-17T04:47:05.432312Z",
      "stabilities": [
        "staging",
        "unstable",
        "stable"
      ],
      "unfree": false,
      "version": "8.1",
      "outputs_to_install": [
        "bin",
        "bin",
        "man"
      ],
      "outputs": {
        "bin": "/nix/store/281zx8sanx5fcp8j6advwics7gwdvdaz-ffmpeg-8.1-bin",
        "data": "/nix/store/pxxjhd9y7z2anp67bp6j4002r9bnwizf-ffmpeg-8.1-data",
        "dev": "/nix/store/7rv05vh6qh1sfiirhjkfjp2gskqhxdp9-ffmpeg-8.1-dev",
        "doc": "/nix/store/m0k08lknppyyk6dh58157i835da3qnxx-ffmpeg-8.1-doc",
        "lib": "/nix/store/xvrjmskfrp07gmh1zzlyfkv50nw40dcv-ffmpeg-8.1-lib",
        "man": "/nix/store/dnnz7b0444c6pb6q8rippk90sl0pnz1n-ffmpeg-8.1-man",
        "out": "/nix/store/84h52wlvlvb2y7hmm6338m7i4m1mpi0v-ffmpeg-8.1"
      },
      "system": "x86_64-linux",
      "group": "toplevel",
      "priority": 5
    },
    {
      "attr_path": "imagemagick",
      "broken": false,
      "derivation": "/nix/store/zh8qr4kp5ns6dq01ydij2dwm8c1c6klr-imagemagick-7.1.2-23.drv",
      "description": "Software suite to create, edit, compose, or convert bitmap images",
      "install_id": "imagemagick",
      "license": "Apache-2.0",
      "locked_url": "https://github.com/flox/nixpkgs?rev=567a49d1913ce81ac6e9582e3553dd90a955875f",
      "name": "imagemagick-7.1.2-23",
      "pname": "imagemagick",
      "rev": "567a49d1913ce81ac6e9582e3553dd90a955875f",
      "rev_count": 1017464,
      "rev_date": "2026-06-16T02:33:49Z",
      "scrape_date": "2026-06-17T03:13:30.655038Z",
      "stabilities": [
        "staging",
        "unstable",
        "stable"
      ],
      "unfree": false,
      "version": "7.1.2-23",
      "outputs_to_install": [
        "out"
      ],
      "outputs": {
        "dev": "/nix/store/4as8dc7lb02lnnqdi7278705h7ayc4zg-imagemagick-7.1.2-23-dev",
        "doc": "/nix/store/kmzihbxg9n3j6l12fr1l4mz0lqmqrim9-imagemagick-7.1.2-23-doc",
        "out": "/nix/store/paxfk2s1gb9qylklxdlvicc5x0hf3fy7-imagemagick-7.1.2-23"
      },
      "system": "aarch64-darwin",
      "group": "toplevel",
      "priority": 5
    },
    {
      "attr_path": "imagemagick",
      "broken": false,
      "derivation": "/nix/store/95zp3w1f4vs5qyp52klrqjlqx0mqrvxr-imagemagick-7.1.2-23.drv",
      "description": "Software suite to create, edit, compose, or convert bitmap images",
      "install_id": "imagemagick",
      "license": "Apache-2.0",
      "locked_url": "https://github.com/flox/nixpkgs?rev=567a49d1913ce81ac6e9582e3553dd90a955875f",
      "name": "imagemagick-7.1.2-23",
      "pname": "imagemagick",
      "rev": "567a49d1913ce81ac6e9582e3553dd90a955875f",
      "rev_count": 1017464,
      "rev_date": "2026-06-16T02:33:49Z",
      "scrape_date": "2026-06-17T03:44:30.013704Z",
      "stabilities": [
        "staging",
        "unstable",
        "stable"
      ],
      "unfree": false,
      "version": "7.1.2-23",
      "outputs_to_install": [
        "out",
        "out"
      ],
      "outputs": {
        "dev": "/nix/store/z77shkv7hqjffi2zygbl9gxspswmrqvs-imagemagick-7.1.2-23-dev",
        "doc": "/nix/store/fk4qf1lj4yv486hk2v55p3yddxgskkl8-imagemagick-7.1.2-23-doc",
        "out": "/nix/store/nqqi92858bzd9sx119kcyrybbriaz4ab-imagemagick-7.1.2-23"
      },
      "system": "aarch64-linux",
      "group": "toplevel",
      "priority": 5
    },
    {
      "attr_path": "imagemagick",
      "broken": false,
      "derivation": "/nix/store/qi8qsrnhddf1apf31wpxipqbyw0ykhmm-imagemagick-7.1.2-23.drv",
      "description": "Software suite to create, edit, compose, or convert bitmap images",
      "install_id": "imagemagick",
      "license": "Apache-2.0",
      "locked_url": "https://github.com/flox/nixpkgs?rev=567a49d1913ce81ac6e9582e3553dd90a955875f",
      "name": "imagemagick-7.1.2-23",
      "pname": "imagemagick",
      "rev": "567a49d1913ce81ac6e9582e3553dd90a955875f",
      "rev_count": 1017464,
      "rev_date": "2026-06-16T02:33:49Z",
      "scrape_date": "2026-06-17T04:13:23.417042Z",
      "stabilities": [
        "staging",
        "unstable",
        "stable"
      ],
      "unfree": false,
      "version": "7.1.2-23",
      "outputs_to_install": [
        "out"
      ],
      "outputs": {
        "dev": "/nix/store/yxdrxin5kv207nmhgg1sgf5va467b0z9-imagemagick-7.1.2-23-dev",
        "doc": "/nix/store/90naf9g7bjbhjj544wdql90dm7yad2bg-imagemagick-7.1.2-23-doc",
        "out": "/nix/store/52dp7qa7c566z1px4fq50in87jx6s3yb-imagemagick-7.1.2-23"
      },
      "system": "x86_64-darwin",
      "group": "toplevel",
      "priority": 5
    },
    {
      "attr_path": "imagemagick",
      "broken": false,
      "derivation": "/nix/store/x1g85vwspf4h7a7q1h7dm5q1dfshh8g2-imagemagick-7.1.2-23.drv",
      "description": "Software suite to create, edit, compose, or convert bitmap images",
      "install_id": "imagemagick",
      "license": "Apache-2.0",
      "locked_url": "https://github.com/flox/nixpkgs?rev=567a49d1913ce81ac6e9582e3553dd90a955875f",
      "name": "imagemagick-7.1.2-23",
      "pname": "imagemagick",
      "rev": "567a49d1913ce81ac6e9582e3553dd90a955875f",
      "rev_count": 1017464,
      "rev_date": "2026-06-16T02:33:49Z",
      "scrape_date": "2026-06-17T04:47:27.264982Z",
      "stabilities": [
        "staging",
        "unstable",
        "stable"
      ],
      "unfree": false,
      "version": "7.1.2-23",
      "outputs_to_install": [
        "out",
        "out"
      ],
      "outputs": {
        "dev": "/nix/store/mqn50k3viz5wb0gwbdfwb23v7l32kfxf-imagemagick-7.1.2-23-dev",
        "doc": "/nix/store/fqly9ymadz5cj8kq18wv2flq45m00rs1-imagemagick-7.1.2-23-doc",
        "out": "/nix/store/vwalk1kcnb5mr5c5c8100a96r9kgq4g2-imagemagick-7.1.2-23"
      },
      "system": "x86_64-linux",
      "group": "toplevel",
      "priority": 5
    },
    {
      "attr_path": "ktfmt",
      "broken": false,
      "derivation": "/nix/store/81y5xf1hg8r212syl1h5z3mijgaln2d1-ktfmt-0.63.drv",
      "description": "Program that reformats Kotlin source code to comply with the common community standard for Kotlin code conventions",
      "install_id": "ktfmt",
      "license": "Apache-2.0",
      "locked_url": "https://github.com/flox/nixpkgs?rev=567a49d1913ce81ac6e9582e3553dd90a955875f",
      "name": "ktfmt-0.63",
      "pname": "ktfmt",
      "rev": "567a49d1913ce81ac6e9582e3553dd90a955875f",
      "rev_count": 1017464,
      "rev_date": "2026-06-16T02:33:49Z",
      "scrape_date": "2026-06-17T03:13:31.967175Z",
      "stabilities": [
        "staging",
        "unstable",
        "stable"
      ],
      "unfree": false,
      "version": "0.63",
      "outputs_to_install": [
        "out"
      ],
      "outputs": {
        "out": "/nix/store/6qibvax0rxix124nbyr40c2v2qhvn5cj-ktfmt-0.63"
      },
      "system": "aarch64-darwin",
      "group": "toplevel",
      "priority": 5
    },
    {
      "attr_path": "ktfmt",
      "broken": false,
      "derivation": "/nix/store/h9v8fg5l1rnqasxg44w9z3y3hpwnq60l-ktfmt-0.63.drv",
      "description": "Program that reformats Kotlin source code to comply with the common community standard for Kotlin code conventions",
      "install_id": "ktfmt",
      "license": "Apache-2.0",
      "locked_url": "https://github.com/flox/nixpkgs?rev=567a49d1913ce81ac6e9582e3553dd90a955875f",
      "name": "ktfmt-0.63",
      "pname": "ktfmt",
      "rev": "567a49d1913ce81ac6e9582e3553dd90a955875f",
      "rev_count": 1017464,
      "rev_date": "2026-06-16T02:33:49Z",
      "scrape_date": "2026-06-17T03:44:32.877264Z",
      "stabilities": [
        "staging",
        "unstable",
        "stable"
      ],
      "unfree": false,
      "version": "0.63",
      "outputs_to_install": [
        "out"
      ],
      "outputs": {
        "out": "/nix/store/rr9xq9aak2rrq92d0h8srii8sdhd8jff-ktfmt-0.63"
      },
      "system": "aarch64-linux",
      "group": "toplevel",
      "priority": 5
    },
    {
      "attr_path": "ktfmt",
      "broken": false,
      "derivation": "/nix/store/kwcszyk6rdc41z1pgr0k035b9rg8gdnf-ktfmt-0.63.drv",
      "description": "Program that reformats Kotlin source code to comply with the common community standard for Kotlin code conventions",
      "install_id": "ktfmt",
      "license": "Apache-2.0",
      "locked_url": "https://github.com/flox/nixpkgs?rev=567a49d1913ce81ac6e9582e3553dd90a955875f",
      "name": "ktfmt-0.63",
      "pname": "ktfmt",
      "rev": "567a49d1913ce81ac6e9582e3553dd90a955875f",
      "rev_count": 1017464,
      "rev_date": "2026-06-16T02:33:49Z",
      "scrape_date": "2026-06-17T04:13:24.833766Z",
      "stabilities": [
        "staging",
        "unstable",
        "stable"
      ],
      "unfree": false,
      "version": "0.63",
      "outputs_to_install": [
        "out"
      ],
      "outputs": {
        "out": "/nix/store/jn6rbs69isxnccg1p3hr19f3f2nyykh4-ktfmt-0.63"
      },
      "system": "x86_64-darwin",
      "group": "toplevel",
      "priority": 5
    },
    {
      "attr_path": "ktfmt",
      "broken": false,
      "derivation": "/nix/store/7k9p8frpr0isbk1x2j2v430wihxlpnfx-ktfmt-0.63.drv",
      "description": "Program that reformats Kotlin source code to comply with the common community standard for Kotlin code conventions",
      "install_id": "ktfmt",
      "license": "Apache-2.0",
      "locked_url": "https://github.com/flox/nixpkgs?rev=567a49d1913ce81ac6e9582e3553dd90a955875f",
      "name": "ktfmt-0.63",
      "pname": "ktfmt",
      "rev": "567a49d1913ce81ac6e9582e3553dd90a955875f",
      "rev_count": 1017464,
      "rev_date": "2026-06-16T02:33:49Z",
      "scrape_date": "2026-06-17T04:47:30.488418Z",
      "stabilities": [
        "staging",
        "unstable",
        "stable"
      ],
      "unfree": false,
      "version": "0.63",
      "outputs_to_install": [
        "out"
      ],
      "outputs": {
        "out": "/nix/store/q9s481j0jfynyby0pb2yggai3vyx2rn4-ktfmt-0.63"
      },
      "system": "x86_64-linux",
      "group": "toplevel",
      "priority": 5
    },
    {
      "attr_path": "lefthook",
      "broken": false,
      "derivation": "/nix/store/5ay5gwzy4pmy3kfsi78khbzlnp8zh3qv-lefthook-2.1.5.drv",
      "description": "Fast and powerful Git hooks manager for any type of projects",
      "install_id": "lefthook",
      "license": "MIT",
      "locked_url": "https://github.com/flox/nixpkgs?rev=567a49d1913ce81ac6e9582e3553dd90a955875f",
      "name": "lefthook-2.1.5",
      "pname": "lefthook",
      "rev": "567a49d1913ce81ac6e9582e3553dd90a955875f",
      "rev_count": 1017464,
      "rev_date": "2026-06-16T02:33:49Z",
      "scrape_date": "2026-06-17T03:13:32.299899Z",
      "stabilities": [
        "staging",
        "unstable",
        "stable"
      ],
      "unfree": false,
      "version": "2.1.5",
      "outputs_to_install": [
        "out"
      ],
      "outputs": {
        "out": "/nix/store/j5j34q2kqyz09kf0wwlgnnsgn3h881cp-lefthook-2.1.5"
      },
      "system": "aarch64-darwin",
      "group": "toplevel",
      "priority": 5
    },
    {
      "attr_path": "lefthook",
      "broken": false,
      "derivation": "/nix/store/vad7b0wnnailq99pd0jmpx4yqimlbrsk-lefthook-2.1.5.drv",
      "description": "Fast and powerful Git hooks manager for any type of projects",
      "install_id": "lefthook",
      "license": "MIT",
      "locked_url": "https://github.com/flox/nixpkgs?rev=567a49d1913ce81ac6e9582e3553dd90a955875f",
      "name": "lefthook-2.1.5",
      "pname": "lefthook",
      "rev": "567a49d1913ce81ac6e9582e3553dd90a955875f",
      "rev_count": 1017464,
      "rev_date": "2026-06-16T02:33:49Z",
      "scrape_date": "2026-06-17T03:44:33.385926Z",
      "stabilities": [
        "staging",
        "unstable",
        "stable"
      ],
      "unfree": false,
      "version": "2.1.5",
      "outputs_to_install": [
        "out"
      ],
      "outputs": {
        "out": "/nix/store/cr3rfs80hfyc7ciq875k9h1ajrf0ydy5-lefthook-2.1.5"
      },
      "system": "aarch64-linux",
      "group": "toplevel",
      "priority": 5
    },
    {
      "attr_path": "lefthook",
      "broken": false,
      "derivation": "/nix/store/ml0vvbz1p0fc02cyi6r6p2xqj651hh29-lefthook-2.1.5.drv",
      "description": "Fast and powerful Git hooks manager for any type of projects",
      "install_id": "lefthook",
      "license": "MIT",
      "locked_url": "https://github.com/flox/nixpkgs?rev=567a49d1913ce81ac6e9582e3553dd90a955875f",
      "name": "lefthook-2.1.5",
      "pname": "lefthook",
      "rev": "567a49d1913ce81ac6e9582e3553dd90a955875f",
      "rev_count": 1017464,
      "rev_date": "2026-06-16T02:33:49Z",
      "scrape_date": "2026-06-17T04:13:25.192509Z",
      "stabilities": [
        "staging",
        "unstable",
        "stable"
      ],
      "unfree": false,
      "version": "2.1.5",
      "outputs_to_install": [
        "out"
      ],
      "outputs": {
        "out": "/nix/store/0s5jzsamiwrl8lgzacf7i5msyajcl44k-lefthook-2.1.5"
      },
      "system": "x86_64-darwin",
      "group": "toplevel",
      "priority": 5
    },
    {
      "attr_path": "lefthook",
      "broken": false,
      "derivation": "/nix/store/8lp45dwmhfhakird4wwxprxmzssz6b1j-lefthook-2.1.5.drv",
      "description": "Fast and powerful Git hooks manager for any type of projects",
      "install_id": "lefthook",
      "license": "MIT",
      "locked_url": "https://github.com/flox/nixpkgs?rev=567a49d1913ce81ac6e9582e3553dd90a955875f",
      "name": "lefthook-2.1.5",
      "pname": "lefthook",
      "rev": "567a49d1913ce81ac6e9582e3553dd90a955875f",
      "rev_count": 1017464,
      "rev_date": "2026-06-16T02:33:49Z",
      "scrape_date": "2026-06-17T04:47:31.024155Z",
      "stabilities": [
        "staging",
        "unstable",
        "stable"
      ],
      "unfree": false,
      "version": "2.1.5",
      "outputs_to_install": [
        "out"
      ],
      "outputs": {
        "out": "/nix/store/nyg44d492znkg1bqa1i3dvxy2dw29xcy-lefthook-2.1.5"
      },
      "system": "x86_64-linux",
      "group": "toplevel",
      "priority": 5
    },
    {
      "attr_path": "nodejs",
      "broken": false,
      "derivation": "/nix/store/vbx35am7lar9zvwhk4nfl3lysmbd0ils-nodejs-24.15.0.drv",
      "description": "Event-driven I/O framework for the V8 JavaScript engine",
      "install_id": "nodejs",
      "license": "MIT",
      "locked_url": "https://github.com/flox/nixpkgs?rev=567a49d1913ce81ac6e9582e3553dd90a955875f",
      "name": "nodejs-24.15.0",
      "pname": "nodejs",
      "rev": "567a49d1913ce81ac6e9582e3553dd90a955875f",
      "rev_count": 1017464,
      "rev_date": "2026-06-16T02:33:49Z",
      "scrape_date": "2026-06-17T03:13:39.213888Z",
      "stabilities": [
        "staging",
        "unstable",
        "stable"
      ],
      "unfree": false,
      "version": "24.15.0",
      "outputs_to_install": [
        "out",
        "out",
        "out",
        "out"
      ],
      "outputs": {
        "out": "/nix/store/3mvbmkd7lmxi3xlka1avra24flwbgjv9-nodejs-24.15.0"
      },
      "system": "aarch64-darwin",
      "group": "toplevel",
      "priority": 5
    },
    {
      "attr_path": "nodejs",
      "broken": false,
      "derivation": "/nix/store/zc41z1042wi0d1gmyc8mlwv5av8fds2q-nodejs-24.15.0.drv",
      "description": "Event-driven I/O framework for the V8 JavaScript engine",
      "install_id": "nodejs",
      "license": "MIT",
      "locked_url": "https://github.com/flox/nixpkgs?rev=567a49d1913ce81ac6e9582e3553dd90a955875f",
      "name": "nodejs-24.15.0",
      "pname": "nodejs",
      "rev": "567a49d1913ce81ac6e9582e3553dd90a955875f",
      "rev_count": 1017464,
      "rev_date": "2026-06-16T02:33:49Z",
      "scrape_date": "2026-06-17T03:44:48.128392Z",
      "stabilities": [
        "staging",
        "unstable",
        "stable"
      ],
      "unfree": false,
      "version": "24.15.0",
      "outputs_to_install": [
        "out",
        "out",
        "out"
      ],
      "outputs": {
        "out": "/nix/store/rmdjmd0iy5zlyg0j2i1cd0s7ha1562fs-nodejs-24.15.0"
      },
      "system": "aarch64-linux",
      "group": "toplevel",
      "priority": 5
    },
    {
      "attr_path": "nodejs",
      "broken": false,
      "derivation": "/nix/store/f0ay9hny5gn4c0lfrb95xrakm7yf3s2q-nodejs-24.15.0.drv",
      "description": "Event-driven I/O framework for the V8 JavaScript engine",
      "install_id": "nodejs",
      "license": "MIT",
      "locked_url": "https://github.com/flox/nixpkgs?rev=567a49d1913ce81ac6e9582e3553dd90a955875f",
      "name": "nodejs-24.15.0",
      "pname": "nodejs",
      "rev": "567a49d1913ce81ac6e9582e3553dd90a955875f",
      "rev_count": 1017464,
      "rev_date": "2026-06-16T02:33:49Z",
      "scrape_date": "2026-06-17T04:13:32.462339Z",
      "stabilities": [
        "staging",
        "unstable",
        "stable"
      ],
      "unfree": false,
      "version": "24.15.0",
      "outputs_to_install": [
        "out",
        "out",
        "out"
      ],
      "outputs": {
        "out": "/nix/store/rhv8jiklgw2bw4ljh4nm3h3r3bpnkcl3-nodejs-24.15.0"
      },
      "system": "x86_64-darwin",
      "group": "toplevel",
      "priority": 5
    },
    {
      "attr_path": "nodejs",
      "broken": false,
      "derivation": "/nix/store/f8i8jydaqs0ngxm97c091zna2mnjb43f-nodejs-24.15.0.drv",
      "description": "Event-driven I/O framework for the V8 JavaScript engine",
      "install_id": "nodejs",
      "license": "MIT",
      "locked_url": "https://github.com/flox/nixpkgs?rev=567a49d1913ce81ac6e9582e3553dd90a955875f",
      "name": "nodejs-24.15.0",
      "pname": "nodejs",
      "rev": "567a49d1913ce81ac6e9582e3553dd90a955875f",
      "rev_count": 1017464,
      "rev_date": "2026-06-16T02:33:49Z",
      "scrape_date": "2026-06-17T04:47:47.914293Z",
      "stabilities": [
        "staging",
        "unstable",
        "stable"
      ],
      "unfree": false,
      "version": "24.15.0",
      "outputs_to_install": [
        "out",
        "out",
        "out"
      ],
      "outputs": {
        "out": "/nix/store/5a8ysg1jnj8jmzzyfcfw7rvpvnp5rfpa-nodejs-24.15.0"
      },
      "system": "x86_64-linux",
      "group": "toplevel",
      "priority": 5
    },
    {
      "attr_path": "swift-format",
      "broken": false,
      "derivation": "/nix/store/bx32k417x3dd765rzczh7i6sfyh43xx3-swift-format-5.10.1.drv",
      "description": "Formatting technology for Swift source code",
      "install_id": "swift-format",
      "license": "Apache-2.0",
      "locked_url": "https://github.com/flox/nixpkgs?rev=567a49d1913ce81ac6e9582e3553dd90a955875f",
      "name": "swift-format-5.10.1",
      "pname": "swift-format",
      "rev": "567a49d1913ce81ac6e9582e3553dd90a955875f",
      "rev_count": 1017464,
      "rev_date": "2026-06-16T02:33:49Z",
      "scrape_date": "2026-06-17T03:15:15.523943Z",
      "stabilities": [
        "staging",
        "unstable",
        "stable"
      ],
      "unfree": false,
      "version": "5.10.1",
      "outputs_to_install": [
        "out"
      ],
      "outputs": {
        "out": "/nix/store/6yk77j42x6bqmbrh22qajm2ymdvccmbf-swift-format-5.10.1"
      },
      "system": "aarch64-darwin",
      "group": "toplevel",
      "priority": 5
    },
    {
      "attr_path": "swift-format",
      "broken": false,
      "derivation": "/nix/store/12x7y6q3qc0p7nbsc7c58h6m0wbxlp56-swift-format-5.10.1.drv",
      "description": "Formatting technology for Swift source code",
      "install_id": "swift-format",
      "license": "Apache-2.0",
      "locked_url": "https://github.com/flox/nixpkgs?rev=567a49d1913ce81ac6e9582e3553dd90a955875f",
      "name": "swift-format-5.10.1",
      "pname": "swift-format",
      "rev": "567a49d1913ce81ac6e9582e3553dd90a955875f",
      "rev_count": 1017464,
      "rev_date": "2026-06-16T02:33:49Z",
      "scrape_date": "2026-06-17T03:46:42.967330Z",
      "stabilities": [
        "staging",
        "unstable",
        "stable"
      ],
      "unfree": false,
      "version": "5.10.1",
      "outputs_to_install": [
        "out"
      ],
      "outputs": {
        "out": "/nix/store/20y0g44pq3grmngxiavg1xrk8x5z9lk9-swift-format-5.10.1"
      },
      "system": "aarch64-linux",
      "group": "toplevel",
      "priority": 5
    },
    {
      "attr_path": "swift-format",
      "broken": false,
      "derivation": "/nix/store/m45vpsivxb3f097ychby306m88lsd455-swift-format-5.10.1.drv",
      "description": "Formatting technology for Swift source code",
      "install_id": "swift-format",
      "license": "Apache-2.0",
      "locked_url": "https://github.com/flox/nixpkgs?rev=567a49d1913ce81ac6e9582e3553dd90a955875f",
      "name": "swift-format-5.10.1",
      "pname": "swift-format",
      "rev": "567a49d1913ce81ac6e9582e3553dd90a955875f",
      "rev_count": 1017464,
      "rev_date": "2026-06-16T02:33:49Z",
      "scrape_date": "2026-06-17T04:15:09.146937Z",
      "stabilities": [
        "staging",
        "unstable",
        "stable"
      ],
      "unfree": false,
      "version": "5.10.1",
      "outputs_to_install": [
        "out"
      ],
      "outputs": {
        "out": "/nix/store/6fkc0bj2fd9xvqyks4rp8rwp9d5cjy1m-swift-format-5.10.1"
      },
      "system": "x86_64-darwin",
      "group": "toplevel",
      "priority": 5
    },
    {
      "attr_path": "swift-format",
      "broken": false,
      "derivation": "/nix/store/3sc7g9d1w2lg5dbrk6sp9cjfsxldd2jx-swift-format-5.10.1.drv",
      "description": "Formatting technology for Swift source code",
      "install_id": "swift-format",
      "license": "Apache-2.0",
      "locked_url": "https://github.com/flox/nixpkgs?rev=567a49d1913ce81ac6e9582e3553dd90a955875f",
      "name": "swift-format-5.10.1",
      "pname": "swift-format",
      "rev": "567a49d1913ce81ac6e9582e3553dd90a955875f",
      "rev_count": 1017464,
      "rev_date": "2026-06-16T02:33:49Z",
      "scrape_date": "2026-06-17T04:49:46.266973Z",
      "stabilities": [
        "staging",
        "unstable",
        "stable"
      ],
      "unfree": false,
      "version": "5.10.1",
      "outputs_to_install": [
        "out"
      ],
      "outputs": {
        "out": "/nix/store/6x6gykgi5hdmypkz8cfvmd17zvzrzj1n-swift-format-5.10.1"
      },
      "system": "x86_64-linux",
      "group": "toplevel",
      "priority": 5
    }
  ]
}
